
Microsoft Visual Studio Solution File, Format Version 12.00
# Visual Studio Version 16
VisualStudioVersion = 16.0.29519.87
MinimumVisualStudioVersion = 10.0.40219.1
Project("{FAE04EC0-301F-11D3-BF4B-00C04F79EFBC}") = "FirstNonRepeatingCharacter", "FirstNonRepeatingCharacter.csproj", "{2B08C0A7-8D32-4595-AC21-3002E26000E2}"
EndProject
Global
	GlobalSection(SolutionConfigurationPlatforms) = preSolution
		Debug|Any CPU = Debug|Any CPU
		Release|Any CPU = Release|Any CPU
	EndGlobalSection
	GlobalSection(ProjectConfigurationPlatforms) = postSolution
		{2B08C0A7-8D32-4595-AC21-3002E26000E2}.Debug|Any CPU.ActiveCfg = Debug|Any CPU
		{2B08C0A7-8D32-4595-AC21-3002E26000E2}.Debug|Any CPU.Build.0 = Debug|Any CPU
		{2B08C0A7-8D32-4595-AC21-3002E26000E2}.Release|Any CPU.ActiveCfg = Release|Any CPU
		{2B08C0A7-8D32-4595-AC21-3002E26000E2}.Release|Any CPU.Build.0 = Release|Any CPU
	EndGlobalSection
	GlobalSection(SolutionProperties) = preSolution
		HideSolutionNode = FALSE
	EndGlobalSection
	GlobalSection(ExtensibilityGlobals) = postSolution
		SolutionGuid = {A4D20724-E7DB-430C-95C2-DC1F26D6DF75}
	EndGlobalSection
EndGlobal
